
Microsoft Visual Studio Solution File, Format Version 12.00
# Visual Studio 2017
Project("{f2a71f9b-5d33-465a-a702-920d77279786}") = "MyGiraffeApp", "MyGiraffeApp.fsproj", "{092C2295-8A36-4936-AC81-11262857668D}"
EndProject
Global
	GlobalSection(SolutionConfigurationPlatforms) = preSolution
		Debug|Any CPU = Debug|Any CPU
		Release|Any CPU = Release|Any CPU
	EndGlobalSection
	GlobalSection(ProjectConfigurationPlatforms) = postSolution
		{092C2295-8A36-4936-AC81-11262857668D}.Debug|Any CPU.ActiveCfg = Debug|Any CPU
		{092C2295-8A36-4936-AC81-11262857668D}.Debug|Any CPU.Build.0 = Debug|Any CPU
		{092C2295-8A36-4936-AC81-11262857668D}.Release|Any CPU.ActiveCfg = Release|Any CPU
		{092C2295-8A36-4936-AC81-11262857668D}.Release|Any CPU.Build.0 = Release|Any CPU
	EndGlobalSection
EndGlobal
